
Microsoft Visual Studio Solution File, Format Version 12.00
# Visual Studio 14
VisualStudioVersion = 14.0.24720.0
MinimumVisualStudioVersion = 10.0.40219.1
Project("{FAE04EC0-301F-11D3-BF4B-00C04F79EFBC}") = "PlanesTour", "PlanesTour\PlanesTour.csproj", "{130E7BAA-23DB-4F98-9F6C-9835DB6266CB}"
EndProject
Project("{FAE04EC0-301F-11D3-BF4B-00C04F79EFBC}") = "PlanesTour.Core", "PlanesTour.Core\PlanesTour.Core.csproj", "{7A9F6E73-1DFE-4E97-90E0-4F8CC9BF4C2F}"
EndProject
Project("{FAE04EC0-301F-11D3-BF4B-00C04F79EFBC}") = "PlanesTour.Data", "PlanesTour.Data\PlanesTour.Data.csproj", "{65404040-F360-4370-AC61-69F1C8AD1ABA}"
EndProject
Project("{FAE04EC0-301F-11D3-BF4B-00C04F79EFBC}") = "PlanesTour.Repository", "PlanesTour.Repository\PlanesTour.Repository.csproj", "{142057DD-CEFC-459A-939A-69A9C7E3657D}"
EndProject
Global
	GlobalSection(SolutionConfigurationPlatforms) = preSolution
		Debug|Any CPU = Debug|Any CPU
		Release|Any CPU = Release|Any CPU
	EndGlobalSection
	GlobalSection(ProjectConfigurationPlatforms) = postSolution
		{130E7BAA-23DB-4F98-9F6C-9835DB6266CB}.Debug|Any CPU.ActiveCfg = Debug|Any CPU
		{130E7BAA-23DB-4F98-9F6C-9835DB6266CB}.Debug|Any CPU.Build.0 = Debug|Any CPU
		{130E7BAA-23DB-4F98-9F6C-9835DB6266CB}.Release|Any CPU.ActiveCfg = Release|Any CPU
		{130E7BAA-23DB-4F98-9F6C-9835DB6266CB}.Release|Any CPU.Build.0 = Release|Any CPU
		{7A9F6E73-1DFE-4E97-90E0-4F8CC9BF4C2F}.Debug|Any CPU.ActiveCfg = Debug|Any CPU
		{7A9F6E73-1DFE-4E97-90E0-4F8CC9BF4C2F}.Debug|Any CPU.Build.0 = Debug|Any CPU
		{7A9F6E73-1DFE-4E97-90E0-4F8CC9BF4C2F}.Release|Any CPU.ActiveCfg = Release|Any CPU
		{7A9F6E73-1DFE-4E97-90E0-4F8CC9BF4C2F}.Release|Any CPU.Build.0 = Release|Any CPU
		{65404040-F360-4370-AC61-69F1C8AD1ABA}.Debug|Any CPU.ActiveCfg = Debug|Any CPU
		{65404040-F360-4370-AC61-69F1C8AD1ABA}.Debug|Any CPU.Build.0 = Debug|Any CPU
		{65404040-F360-4370-AC61-69F1C8AD1ABA}.Release|Any CPU.ActiveCfg = Release|Any CPU
		{65404040-F360-4370-AC61-69F1C8AD1ABA}.Release|Any CPU.Build.0 = Release|Any CPU
		{142057DD-CEFC-459A-939A-69A9C7E3657D}.Debug|Any CPU.ActiveCfg = Debug|Any CPU
		{142057DD-CEFC-459A-939A-69A9C7E3657D}.Debug|Any CPU.Build.0 = Debug|Any CPU
		{142057DD-CEFC-459A-939A-69A9C7E3657D}.Release|Any CPU.ActiveCfg = Release|Any CPU
		{142057DD-CEFC-459A-939A-69A9C7E3657D}.Release|Any CPU.Build.0 = Release|Any CPU
	EndGlobalSection
	GlobalSection(SolutionProperties) = preSolution
		HideSolutionNode = FALSE
	EndGlobalSection
EndGlobal
